// !$*UTF8*$!
{
	archiveVersion = 1;
	classes = {
	};
	objectVersion = 55;
	objects = {

/* Begin PBXBuildFile section */
		993A65AB299D52B4000EC509 /* AppDelegate.swift in Sources */ = {isa = PBXBuildFile; fileRef = 993A65AA299D52B4000EC509 /* AppDelegate.swift */; };
		993A65AD299D52B4000EC509 /* SceneDelegate.swift in Sources */ = {isa = PBXBuildFile; fileRef = 993A65AC299D52B4000EC509 /* SceneDelegate.swift */; };
		993A65AF299D52B4000EC509 /* ViewController.swift in Sources */ = {isa = PBXBuildFile; fileRef = 993A65AE299D52B4000EC509 /* ViewController.swift */; };
		993A65B2299D52B4000EC509 /* Main.storyboard in Resources */ = {isa = PBXBuildFile; fileRef = 993A65B0299D52B4000EC509 /* Main.storyboard */; };
		993A65B4299D52B5000EC509 /* Assets.xcassets in Resources */ = {isa = PBXBuildFile; fileRef = 993A65B3299D52B5000EC509 /* Assets.xcassets */; };
		993A65B7299D52B5000EC509 /* LaunchScreen.storyboard in Resources */ = {isa = PBXBuildFile; fileRef = 993A65B5299D52B5000EC509 /* LaunchScreen.storyboard */; };
		993A65D4299D52DE000EC509 /* lobby.png in Resources */ = {isa = PBXBuildFile; fileRef = 993A65C0299D52DE000EC509 /* lobby.png */; };
		993A65D5299D52DE000EC509 /* battlebg.png in Resources */ = {isa = PBXBuildFile; fileRef = 993A65C1299D52DE000EC509 /* battlebg.png */; };
		993A65D6299D52DE000EC509 /* bgimage.jpg in Resources */ = {isa = PBXBuildFile; fileRef = 993A65C2299D52DE000EC509 /* bgimage.jpg */; };
		993A65D7299D52DE000EC509 /* waku.png in Resources */ = {isa = PBXBuildFile; fileRef = 993A65C3299D52DE000EC509 /* waku.png */; };
		993A65D8299D52DE000EC509 /* gold_button.png in Resources */ = {isa = PBXBuildFile; fileRef = 993A65C4299D52DE000EC509 /* gold_button.png */; };
		993A65D9299D52DE000EC509 /* yusya.png in Resources */ = {isa = PBXBuildFile; fileRef = 993A65C5299D52DE000EC509 /* yusya.png */; };
		993A65DA299D52DE000EC509 /* monster.png in Resources */ = {isa = PBXBuildFile; fileRef = 993A65C6299D52DE000EC509 /* monster.png */; };
		993A65DB299D52DE000EC509 /* TechMonManager.swift in Sources */ = {isa = PBXBuildFile; fileRef = 993A65C8299D52DE000EC509 /* TechMonManager.swift */; };
		993A65DC299D52DE000EC509 /* Character.swift in Sources */ = {isa = PBXBuildFile; fileRef = 993A65C9299D52DE000EC509 /* Character.swift */; };
		993A65DD299D52DE000EC509 /* SE_fanfare.mp3 in Resources */ = {isa = PBXBuildFile; fileRef = 993A65CB299D52DE000EC509 /* SE_fanfare.mp3 */; };
		993A65DE299D52DE000EC509 /* BGM_battle001.mp3 in Resources */ = {isa = PBXBuildFile; fileRef = 993A65CC299D52DE000EC509 /* BGM_battle001.mp3 */; };
		993A65DF299D52DE000EC509 /* SE_fire.mp3 in Resources */ = {isa = PBXBuildFile; fileRef = 993A65CD299D52DE000EC509 /* SE_fire.mp3 */; };
		993A65E0299D52DE000EC509 /* SE_attack.mp3 in Resources */ = {isa = PBXBuildFile; fileRef = 993A65CE299D52DE000EC509 /* SE_attack.mp3 */; };
		993A65E1299D52DE000EC509 /* SE_gameover.mp3 in Resources */ = {isa = PBXBuildFile; fileRef = 993A65CF299D52DE000EC509 /* SE_gameover.mp3 */; };
		993A65E2299D52DE000EC509 /* SE_charge.mp3 in Resources */ = {isa = PBXBuildFile; fileRef = 993A65D0299D52DE000EC509 /* SE_charge.mp3 */; };
		993A65E3299D52DE000EC509 /* lobby.mp3 in Resources */ = {isa = PBXBuildFile; fileRef = 993A65D1299D52DE000EC509 /* lobby.mp3 */; };
		993A65E4299D52DE000EC509 /* misaki_gothic.ttf in Resources */ = {isa = PBXBuildFile; fileRef = 993A65D3299D52DE000EC509 /* misaki_gothic.ttf */; };
		993A65E6299E394C000EC509 /* LobbyViewController.swift in Sources */ = {isa = PBXBuildFile; fileRef = 993A65E5299E394C000EC509 /* LobbyViewController.swift */; };
		993A65E8299E3956000EC509 /* BattleViewController.swift in Sources */ = {isa = PBXBuildFile; fileRef = 993A65E7299E3956000EC509 /* BattleViewController.swift */; };
/* End PBXBuildFile section */

/* Begin PBXFileReference section */
		993A65A7299D52B4000EC509 /* TechMon.app */ = {isa = PBXFileReference; explicitFileType = wrapper.application; includeInIndex = 0; path = TechMon.app; sourceTree = BUILT_PRODUCTS_DIR; };
		993A65AA299D52B4000EC509 /* AppDelegate.swift */ = {isa = PBXFileReference; lastKnownFileType = sourcecode.swift; path = AppDelegate.swift; sourceTree = "<group>"; };
		993A65AC299D52B4000EC509 /* SceneDelegate.swift */ = {isa = PBXFileReference; lastKnownFileType = sourcecode.swift; path = SceneDelegate.swift; sourceTree = "<group>"; };
		993A65AE299D52B4000EC509 /* ViewController.swift */ = {isa = PBXFileReference; lastKnownFileType = sourcecode.swift; path = ViewController.swift; sourceTree = "<group>"; };
		993A65B1299D52B4000EC509 /* Base */ = {isa = PBXFileReference; lastKnownFileType = file.storyboard; name = Base; path = Base.lproj/Main.storyboard; sourceTree = "<group>"; };
		993A65B3299D52B5000EC509 /* Assets.xcassets */ = {isa = PBXFileReference; lastKnownFileType = folder.assetcatalog; path = Assets.xcassets; sourceTree = "<group>"; };
		993A65B6299D52B5000EC509 /* Base */ = {isa = PBXFileReference; lastKnownFileType = file.storyboard; name = Base; path = Base.lproj/LaunchScreen.storyboard; sourceTree = "<group>"; };
		993A65B8299D52B5000EC509 /* Info.plist */ = {isa = PBXFileReference; lastKnownFileType = text.plist.xml; path = Info.plist; sourceTree = "<group>"; };
		993A65C0299D52DE000EC509 /* lobby.png */ = {isa = PBXFileReference; lastKnownFileType = image.png; path = lobby.png; sourceTree = "<group>"; };
		993A65C1299D52DE000EC509 /* battlebg.png */ = {isa = PBXFileReference; lastKnownFileType = image.png; path = battlebg.png; sourceTree = "<group>"; };
		993A65C2299D52DE000EC509 /* bgimage.jpg */ = {isa = PBXFileReference; lastKnownFileType = image.jpeg; path = bgimage.jpg; sourceTree = "<group>"; };
		993A65C3299D52DE000EC509 /* waku.png */ = {isa = PBXFileReference; lastKnownFileType = image.png; path = waku.png; sourceTree = "<group>"; };
		993A65C4299D52DE000EC509 /* gold_button.png */ = {isa = PBXFileReference; lastKnownFileType = image.png; path = gold_button.png; sourceTree = "<group>"; };
		993A65C5299D52DE000EC509 /* yusya.png */ = {isa = PBXFileReference; lastKnownFileType = image.png; path = yusya.png; sourceTree = "<group>"; };
		993A65C6299D52DE000EC509 /* monster.png */ = {isa = PBXFileReference; lastKnownFileType = image.png; path = monster.png; sourceTree = "<group>"; };
		993A65C8299D52DE000EC509 /* TechMonManager.swift */ = {isa = PBXFileReference; fileEncoding = 4; lastKnownFileType = sourcecode.swift; path = TechMonManager.swift; sourceTree = "<group>"; };
		993A65C9299D52DE000EC509 /* Character.swift */ = {isa = PBXFileReference; fileEncoding = 4; lastKnownFileType = sourcecode.swift; path = Character.swift; sourceTree = "<group>"; };
		993A65CB299D52DE000EC509 /* SE_fanfare.mp3 */ = {isa = PBXFileReference; lastKnownFileType = audio.mp3; path = SE_fanfare.mp3; sourceTree = "<group>"; };
		993A65CC299D52DE000EC509 /* BGM_battle001.mp3 */ = {isa = PBXFileReference; lastKnownFileType = audio.mp3; path = BGM_battle001.mp3; sourceTree = "<group>"; };
		993A65CD299D52DE000EC509 /* SE_fire.mp3 */ = {isa = PBXFileReference; lastKnownFileType = audio.mp3; path = SE_fire.mp3; sourceTree = "<group>"; };
		993A65CE299D52DE000EC509 /* SE_attack.mp3 */ = {isa = PBXFileReference; lastKnownFileType = audio.mp3; path = SE_attack.mp3; sourceTree = "<group>"; };
		993A65CF299D52DE000EC509 /* SE_gameover.mp3 */ = {isa = PBXFileReference; lastKnownFileType = audio.mp3; path = SE_gameover.mp3; sourceTree = "<group>"; };
		993A65D0299D52DE000EC509 /* SE_charge.mp3 */ = {isa = PBXFileReference; lastKnownFileType = audio.mp3; path = SE_charge.mp3; sourceTree = "<group>"; };
		993A65D1299D52DE000EC509 /* lobby.mp3 */ = {isa = PBXFileReference; lastKnownFileType = audio.mp3; path = lobby.mp3; sourceTree = "<group>"; };
		993A65D3299D52DE000EC509 /* misaki_gothic.ttf */ = {isa = PBXFileReference; lastKnownFileType = file; path = misaki_gothic.ttf; sourceTree = "<group>"; };
		993A65E5299E394C000EC509 /* LobbyViewController.swift */ = {isa = PBXFileReference; lastKnownFileType = sourcecode.swift; path = LobbyViewController.swift; sourceTree = "<group>"; };
		993A65E7299E3956000EC509 /* BattleViewController.swift */ = {isa = PBXFileReference; lastKnownFileType = sourcecode.swift; path = BattleViewController.swift; sourceTree = "<group>"; };
/* End PBXFileReference section */

/* Begin PBXFrameworksBuildPhase section */
		993A65A4299D52B4000EC509 /* Frameworks */ = {
			isa = PBXFrameworksBuildPhase;
			buildActionMask = 2147483647;
			files = (
			);
			runOnlyForDeploymentPostprocessing = 0;
		};
/* End PBXFrameworksBuildPhase section */

/* Begin PBXGroup section */
		993A659E299D52B4000EC509 = {
			isa = PBXGroup;
			children = (
				993A65BE299D52DE000EC509 /* TechMon_Resource */,
				993A65A9299D52B4000EC509 /* TechMon */,
				993A65A8299D52B4000EC509 /* Products */,
			);
			sourceTree = "<group>";
		};
		993A65A8299D52B4000EC509 /* Products */ = {
			isa = PBXGroup;
			children = (
				993A65A7299D52B4000EC509 /* TechMon.app */,
			);
			name = Products;
			sourceTree = "<group>";
		};
		993A65A9299D52B4000EC509 /* TechMon */ = {
			isa = PBXGroup;
			children = (
				993A65AA299D52B4000EC509 /* AppDelegate.swift */,
				993A65AC299D52B4000EC509 /* SceneDelegate.swift */,
				993A65AE299D52B4000EC509 /* ViewController.swift */,
				993A65E5299E394C000EC509 /* LobbyViewController.swift */,
				993A65E7299E3956000EC509 /* BattleViewController.swift */,
				993A65B0299D52B4000EC509 /* Main.storyboard */,
				993A65B3299D52B5000EC509 /* Assets.xcassets */,
				993A65B5299D52B5000EC509 /* LaunchScreen.storyboard */,
				993A65B8299D52B5000EC509 /* Info.plist */,
			);
			path = TechMon;
			sourceTree = "<group>";
		};
		993A65BE299D52DE000EC509 /* TechMon_Resource */ = {
			isa = PBXGroup;
			children = (
				993A65BF299D52DE000EC509 /* Images */,
				993A65C7299D52DE000EC509 /* Models */,
				993A65CA299D52DE000EC509 /* Sounds */,
				993A65D2299D52DE000EC509 /* Fonts */,
			);
			path = TechMon_Resource;
			sourceTree = "<group>";
		};
		993A65BF299D52DE000EC509 /* Images */ = {
			isa = PBXGroup;
			children = (
				993A65C0299D52DE000EC509 /* lobby.png */,
				993A65C1299D52DE000EC509 /* battlebg.png */,
				993A65C2299D52DE000EC509 /* bgimage.jpg */,
				993A65C3299D52DE000EC509 /* waku.png */,
				993A65C4299D52DE000EC509 /* gold_button.png */,
				993A65C5299D52DE000EC509 /* yusya.png */,
				993A65C6299D52DE000EC509 /* monster.png */,
			);
			path = Images;
			sourceTree = "<group>";
		};
		993A65C7299D52DE000EC509 /* Models */ = {
			isa = PBXGroup;
			children = (
				993A65C8299D52DE000EC509 /* TechMonManager.swift */,
				993A65C9299D52DE000EC509 /* Character.swift */,
			);
			path = Models;
			sourceTree = "<group>";
		};
		993A65CA299D52DE000EC509 /* Sounds */ = {
			isa = PBXGroup;
			children = (
				993A65CB299D52DE000EC509 /* SE_fanfare.mp3 */,
				993A65CC299D52DE000EC509 /* BGM_battle001.mp3 */,
				993A65CD299D52DE000EC509 /* SE_fire.mp3 */,
				993A65CE299D52DE000EC509 /* SE_attack.mp3 */,
				993A65CF299D52DE000EC509 /* SE_gameover.mp3 */,
				993A65D0299D52DE000EC509 /* SE_charge.mp3 */,
				993A65D1299D52DE000EC509 /* lobby.mp3 */,
			);
			path = Sounds;
			sourceTree = "<group>";
		};
		993A65D2299D52DE000EC509 /* Fonts */ = {
			isa = PBXGroup;
			children = (
				993A65D3299D52DE000EC509 /* misaki_gothic.ttf */,
			);
			path = Fonts;
			sourceTree = "<group>";
		};
/* End PBXGroup section */

/* Begin PBXNativeTarget section */
		993A65A6299D52B4000EC509 /* TechMon */ = {
			isa = PBXNativeTarget;
			buildConfigurationList = 993A65BB299D52B5000EC509 /* Build configuration list for PBXNativeTarget "TechMon" */;
			buildPhases = (
				993A65A3299D52B4000EC509 /* Sources */,
				993A65A4299D52B4000EC509 /* Frameworks */,
				993A65A5299D52B4000EC509 /* Resources */,
			);
			buildRules = (
			);
			dependencies = (
			);
			name = TechMon;
			productName = TechMon;
			productReference = 993A65A7299D52B4000EC509 /* TechMon.app */;
			productType = "com.apple.product-type.application";
		};
/* End PBXNativeTarget section */

/* Begin PBXProject section */
		993A659F299D52B4000EC509 /* Project object */ = {
			isa = PBXProject;
			attributes = {
				BuildIndependentTargetsInParallel = 1;
				LastSwiftUpdateCheck = 1340;
				LastUpgradeCheck = 1340;
				TargetAttributes = {
					993A65A6299D52B4000EC509 = {
						CreatedOnToolsVersion = 13.4.1;
					};
				};
			};
			buildConfigurationList = 993A65A2299D52B4000EC509 /* Build configuration list for PBXProject "TechMon" */;
			compatibilityVersion = "Xcode 13.0";
			developmentRegion = en;
			hasScannedForEncodings = 0;
			knownRegions = (
				en,
				Base,
			);
			mainGroup = 993A659E299D52B4000EC509;
			productRefGroup = 993A65A8299D52B4000EC509 /* Products */;
			projectDirPath = "";
			projectRoot = "";
			targets = (
				993A65A6299D52B4000EC509 /* TechMon */,
			);
		};
/* End PBXProject section */

/* Begin PBXResourcesBuildPhase section */
		993A65A5299D52B4000EC509 /* Resources */ = {
			isa = PBXResourcesBuildPhase;
			buildActionMask = 2147483647;
			files = (
				993A65D9299D52DE000EC509 /* yusya.png in Resources */,
				993A65D6299D52DE000EC509 /* bgimage.jpg in Resources */,
				993A65D7299D52DE000EC509 /* waku.png in Resources */,
				993A65DD299D52DE000EC509 /* SE_fanfare.mp3 in Resources */,
				993A65D4299D52DE000EC509 /* lobby.png in Resources */,
				993A65D8299D52DE000EC509 /* gold_button.png in Resources */,
				993A65E0299D52DE000EC509 /* SE_attack.mp3 in Resources */,
				993A65B7299D52B5000EC509 /* LaunchScreen.storyboard in Resources */,
				993A65E3299D52DE000EC509 /* lobby.mp3 in Resources */,
				993A65B4299D52B5000EC509 /* Assets.xcassets in Resources */,
				993A65E4299D52DE000EC509 /* misaki_gothic.ttf in Resources */,
				993A65E1299D52DE000EC509 /* SE_gameover.mp3 in Resources */,
				993A65D5299D52DE000EC509 /* battlebg.png in Resources */,
				993A65DE299D52DE000EC509 /* BGM_battle001.mp3 in Resources */,
				993A65E2299D52DE000EC509 /* SE_charge.mp3 in Resources */,
				993A65DF299D52DE000EC509 /* SE_fire.mp3 in Resources */,
				993A65DA299D52DE000EC509 /* monster.png in Resources */,
				993A65B2299D52B4000EC509 /* Main.storyboard in Resources */,
			);
			runOnlyForDeploymentPostprocessing = 0;
		};
/* End PBXResourcesBuildPhase section */

/* Begin PBXSourcesBuildPhase section */
		993A65A3299D52B4000EC509 /* Sources */ = {
			isa = PBXSourcesBuildPhase;
			buildActionMask = 2147483647;
			files = (
				993A65E8299E3956000EC509 /* BattleViewController.swift in Sources */,
				993A65DB299D52DE000EC509 /* TechMonManager.swift in Sources */,
				993A65AF299D52B4000EC509 /* ViewController.swift in Sources */,
				993A65DC299D52DE000EC509 /* Character.swift in Sources */,
				993A65E6299E394C000EC509 /* LobbyViewController.swift in Sources */,
				993A65AB299D52B4000EC509 /* AppDelegate.swift in Sources */,
				993A65AD299D52B4000EC509 /* SceneDelegate.swift in Sources */,
			);
			runOnlyForDeploymentPostprocessing = 0;
		};
/* End PBXSourcesBuildPhase section */

/* Begin PBXVariantGroup section */
		993A65B0299D52B4000EC509 /* Main.storyboard */ = {
			isa = PBXVariantGroup;
			children = (
				993A65B1299D52B4000EC509 /* Base */,
			);
			name = Main.storyboard;
			sourceTree = "<group>";
		};
		993A65B5299D52B5000EC509 /* LaunchScreen.storyboard */ = {
			isa = PBXVariantGroup;
			children = (
				993A65B6299D52B5000EC509 /* Base */,
			);
			name = LaunchScreen.storyboard;
			sourceTree = "<group>";
		};
/* End PBXVariantGroup section */

/* Begin XCBuildConfiguration section */
		993A65B9299D52B5000EC509 /* Debug */ = {
			isa = XCBuildConfiguration;
			buildSettings = {
				ALWAYS_SEARCH_USER_PATHS = NO;
				CLANG_ANALYZER_NONNULL = YES;
				CLANG_ANALYZER_NUMBER_OBJECT_CONVERSION = YES_AGGRESSIVE;
				CLANG_CXX_LANGUAGE_STANDARD = "gnu++17";
				CLANG_ENABLE_MODULES = YES;
				CLANG_ENABLE_OBJC_ARC = YES;
				CLANG_ENABLE_OBJC_WEAK = YES;
				CLANG_WARN_BLOCK_CAPTURE_AUTORELEASING = YES;
				CLANG_WARN_BOOL_CONVERSION = YES;
				CLANG_WARN_COMMA = YES;
				CLANG_WARN_CONSTANT_CONVERSION = YES;
				CLANG_WARN_DEPRECATED_OBJC_IMPLEMENTATIONS = YES;
				CLANG_WARN_DIRECT_OBJC_ISA_USAGE = YES_ERROR;
				CLANG_WARN_DOCUMENTATION_COMMENTS = YES;
				CLANG_WARN_EMPTY_BODY = YES;
				CLANG_WARN_ENUM_CONVERSION = YES;
				CLANG_WARN_INFINITE_RECURSION = YES;
				CLANG_WARN_INT_CONVERSION = YES;
				CLANG_WARN_NON_LITERAL_NULL_CONVERSION = YES;
				CLANG_WARN_OBJC_IMPLICIT_RETAIN_SELF = YES;
				CLANG_WARN_OBJC_LITERAL_CONVERSION = YES;
				CLANG_WARN_OBJC_ROOT_CLASS = YES_ERROR;
				CLANG_WARN_QUOTED_INCLUDE_IN_FRAMEWORK_HEADER = YES;
				CLANG_WARN_RANGE_LOOP_ANALYSIS = YES;
				CLANG_WARN_STRICT_PROTOTYPES = YES;
				CLANG_WARN_SUSPICIOUS_MOVE = YES;
				CLANG_WARN_UNGUARDED_AVAILABILITY = YES_AGGRESSIVE;
				CLANG_WARN_UNREACHABLE_CODE = YES;
				CLANG_WARN__DUPLICATE_METHOD_MATCH = YES;
				COPY_PHASE_STRIP = NO;
				DEBUG_INFORMATION_FORMAT = dwarf;
				ENABLE_STRICT_OBJC_MSGSEND = YES;
				ENABLE_TESTABILITY = YES;
				GCC_C_LANGUAGE_STANDARD = gnu11;
				GCC_DYNAMIC_NO_PIC = NO;
				GCC_NO_COMMON_BLOCKS = YES;
				GCC_OPTIMIZATION_LEVEL = 0;
				GCC_PREPROCESSOR_DEFINITIONS = (
					"DEBUG=1",
					"$(inherited)",
				);
				GCC_WARN_64_TO_32_BIT_CONVERSION = YES;
				GCC_WARN_ABOUT_RETURN_TYPE = YES_ERROR;
				GCC_WARN_UNDECLARED_SELECTOR = YES;
				GCC_WARN_UNINITIALIZED_AUTOS = YES_AGGRESSIVE;
				GCC_WARN_UNUSED_FUNCTION = YES;
				GCC_WARN_UNUSED_VARIABLE = YES;
				IPHONEOS_DEPLOYMENT_TARGET = 15.5;
				MTL_ENABLE_DEBUG_INFO = INCLUDE_SOURCE;
				MTL_FAST_MATH = YES;
				ONLY_ACTIVE_ARCH = YES;
				SDKROOT = iphoneos;
				SWIFT_ACTIVE_COMPILATION_CONDITIONS = DEBUG;
				SWIFT_OPTIMIZATION_LEVEL = "-Onone";
			};
			name = Debug;
		};
		993A65BA299D52B5000EC509 /* Release */ = {
			isa = XCBuildConfiguration;
			buildSettings = {
				ALWAYS_SEARCH_USER_PATHS = NO;
				CLANG_ANALYZER_NONNULL = YES;
				CLANG_ANALYZER_NUMBER_OBJECT_CONVERSION = YES_AGGRESSIVE;
				CLANG_CXX_LANGUAGE_STANDARD = "gnu++17";
				CLANG_ENABLE_MODULES = YES;
				CLANG_ENABLE_OBJC_ARC = YES;
				CLANG_ENABLE_OBJC_WEAK = YES;
				CLANG_WARN_BLOCK_CAPTURE_AUTORELEASING = YES;
				CLANG_WARN_BOOL_CONVERSION = YES;
				CLANG_WARN_COMMA = YES;
				CLANG_WARN_CONSTANT_CONVERSION = YES;
				CLANG_WARN_DEPRECATED_OBJC_IMPLEMENTATIONS = YES;
				CLANG_WARN_DIRECT_OBJC_ISA_USAGE = YES_ERROR;
				CLANG_WARN_DOCUMENTATION_COMMENTS = YES;
				CLANG_WARN_EMPTY_BODY = YES;
				CLANG_WARN_ENUM_CONVERSION = YES;
				CLANG_WARN_INFINITE_RECURSION = YES;
				CLANG_WARN_INT_CONVERSION = YES;
				CLANG_WARN_NON_LITERAL_NULL_CONVERSION = YES;
				CLANG_WARN_OBJC_IMPLICIT_RETAIN_SELF = YES;
				CLANG_WARN_OBJC_LITERAL_CONVERSION = YES;
				CLANG_WARN_OBJC_ROOT_CLASS = YES_ERROR;
				CLANG_WARN_QUOTED_INCLUDE_IN_FRAMEWORK_HEADER = YES;
				CLANG_WARN_RANGE_LOOP_ANALYSIS = YES;
				CLANG_WARN_STRICT_PROTOTYPES = YES;
				CLANG_WARN_SUSPICIOUS_MOVE = YES;
				CLANG_WARN_UNGUARDED_AVAILABILITY = YES_AGGRESSIVE;
				CLANG_WARN_UNREACHABLE_CODE = YES;
				CLANG_WARN__DUPLICATE_METHOD_MATCH = YES;
				COPY_PHASE_STRIP = NO;
				DEBUG_INFORMATION_FORMAT = "dwarf-with-dsym";
				ENABLE_NS_ASSERTIONS = NO;
				ENABLE_STRICT_OBJC_MSGSEND = YES;
				GCC_C_LANGUAGE_STANDARD = gnu11;
				GCC_NO_COMMON_BLOCKS = YES;
				GCC_WARN_64_TO_32_BIT_CONVERSION = YES;
				GCC_WARN_ABOUT_RETURN_TYPE = YES_ERROR;
				GCC_WARN_UNDECLARED_SELECTOR = YES;
				GCC_WARN_UNINITIALIZED_AUTOS = YES_AGGRESSIVE;
				GCC_WARN_UNUSED_FUNCTION = YES;
				GCC_WARN_UNUSED_VARIABLE = YES;
				IPHONEOS_DEPLOYMENT_TARGET = 15.5;
				MTL_ENABLE_DEBUG_INFO = NO;
				MTL_FAST_MATH = YES;
				SDKROOT = iphoneos;
				SWIFT_COMPILATION_MODE = wholemodule;
				SWIFT_OPTIMIZATION_LEVEL = "-O";
				VALIDATE_PRODUCT = YES;
			};
			name = Release;
		};
		993A65BC299D52B5000EC509 /* Debug */ = {
			isa = XCBuildConfiguration;
			buildSettings = {
				ASSETCATALOG_COMPILER_APPICON_NAME = AppIcon;
				ASSETCATALOG_COMPILER_GLOBAL_ACCENT_COLOR_NAME = AccentColor;
				CODE_SIGN_STYLE = Automatic;
				CURRENT_PROJECT_VERSION = 1;
				GENERATE_INFOPLIST_FILE = YES;
				INFOPLIST_FILE = TechMon/Info.plist;
				INFOPLIST_KEY_UIApplicationSupportsIndirectInputEvents = YES;
				INFOPLIST_KEY_UILaunchStoryboardName = LaunchScreen;
				INFOPLIST_KEY_UIMainStoryboardFile = Main;
				INFOPLIST_KEY_UISupportedInterfaceOrientations_iPad = "UIInterfaceOrientationPortrait UIInterfaceOrientationPortraitUpsideDown UIInterfaceOrientationLandscapeLeft UIInterfaceOrientationLandscapeRight";
				INFOPLIST_KEY_UISupportedInterfaceOrientations_iPhone = "UIInterfaceOrientationPortrait UIInterfaceOrientationLandscapeLeft UIInterfaceOrientationLandscapeRight";
				LD_RUNPATH_SEARCH_PATHS = (
					"$(inherited)",
					"@executable_path/Frameworks",
				);
				MARKETING_VERSION = 1.0;
				PRODUCT_BUNDLE_IDENTIFIER = app.Machida.Zinenzyo.TechMon;
				PRODUCT_NAME = "$(TARGET_NAME)";
				SWIFT_EMIT_LOC_STRINGS = YES;
				SWIFT_VERSION = 5.0;
				TARGETED_DEVICE_FAMILY = "1,2";
			};
			name = Debug;
		};
		993A65BD299D52B5000EC509 /* Release */ = {
			isa = XCBuildConfiguration;
			buildSettings = {
				ASSETCATALOG_COMPILER_APPICON_NAME = AppIcon;
				ASSETCATALOG_COMPILER_GLOBAL_ACCENT_COLOR_NAME = AccentColor;
				CODE_SIGN_STYLE = Automatic;
				CURRENT_PROJECT_VERSION = 1;
				GENERATE_INFOPLIST_FILE = YES;
				INFOPLIST_FILE = TechMon/Info.plist;
				INFOPLIST_KEY_UIApplicationSupportsIndirectInputEvents = YES;
				INFOPLIST_KEY_UILaunchStoryboardName = LaunchScreen;
				INFOPLIST_KEY_UIMainStoryboardFile = Main;
				INFOPLIST_KEY_UISupportedInterfaceOrientations_iPad = "UIInterfaceOrientationPortrait UIInterfaceOrientationPortraitUpsideDown UIInterfaceOrientationLandscapeLeft UIInterfaceOrientationLandscapeRight";
				INFOPLIST_KEY_UISupportedInterfaceOrientations_iPhone = "UIInterfaceOrientationPortrait UIInterfaceOrientationLandscapeLeft UIInterfaceOrientationLandscapeRight";
				LD_RUNPATH_SEARCH_PATHS = (
					"$(inherited)",
					"@executable_path/Frameworks",
				);
				MARKETING_VERSION = 1.0;
				PRODUCT_BUNDLE_IDENTIFIER = app.Machida.Zinenzyo.TechMon;
				PRODUCT_NAME = "$(TARGET_NAME)";
				SWIFT_EMIT_LOC_STRINGS = YES;
				SWIFT_VERSION = 5.0;
				TARGETED_DEVICE_FAMILY = "1,2";
			};
			name = Release;
		};
/* End XCBuildConfiguration section */

/* Begin XCConfigurationList section */
		993A65A2299D52B4000EC509 /* Build configuration list for PBXProject "TechMon" */ = {
			isa = XCConfigurationList;
			buildConfigurations = (
				993A65B9299D52B5000EC509 /* Debug */,
				993A65BA299D52B5000EC509 /* Release */,
			);
			defaultConfigurationIsVisible = 0;
			defaultConfigurationName = Release;
		};
		993A65BB299D52B5000EC509 /* Build configuration list for PBXNativeTarget "TechMon" */ = {
			isa = XCConfigurationList;
			buildConfigurations = (
				993A65BC299D52B5000EC509 /* Debug */,
				993A65BD299D52B5000EC509 /* Release */,
			);
			defaultConfigurationIsVisible = 0;
			defaultConfigurationName = Release;
		};
/* End XCConfigurationList section */
	};
	rootObject = 993A659F299D52B4000EC509 /* Project object */;
}
